# Code generated by scarb DO NOT EDIT.
version = 1

[[package]]
name = "dojo"
version = "1.0.0-alpha.4"

[[package]]
name = "flippyflop"
version = "0.1.0"
dependencies = [
 "dojo",
 "origami_token",
]

[[package]]
name = "origami_token"
version = "1.0.0-alpha.16"
source = "git+https://github.com/Larkooo/origami?rev=fec3209#fec3209bdfae6a4c9bf42ad6ea7c2312a3eedbca"
dependencies = [
 "dojo",
]
